{
  "name": "detect-file-encoding-and-language",
  "version": "1.6.7",
  "lockfileVersion": 2,
  "requires": true,
  "packages": {
    "": {
      "version": "1.6.7",
      "license": "MIT",
      "dependencies": {
        "detect-file-encoding-and-language": "^1.6.7"
      },
      "bin": {
        "dfeal": "bin/cli.js"
      }
    },
    "node_modules/detect-file-encoding-and-language": {
      "version": "1.6.7",
      "resolved": "https://registry.npmjs.org/detect-file-encoding-and-language/-/detect-file-encoding-and-language-1.6.7.tgz",
      "integrity": "sha512-rB+3GNguEz+IqfZeLA3rELbjGWg6KT3ifYjcbnnR4/M7r0MiLYibTp5/Fhrikalt4QLrvrdIpJcqVsNxhWodHg==",
      "bin": {
        "dfeal": "bin/cli.js"
      }
    }
  },
  "dependencies": {
    "detect-file-encoding-and-language": {
      "version": "1.6.7",
      "resolved": "https://registry.npmjs.org/detect-file-encoding-and-language/-/detect-file-encoding-and-language-1.6.7.tgz",
      "integrity": "sha512-rB+3GNguEz+IqfZeLA3rELbjGWg6KT3ifYjcbnnR4/M7r0MiLYibTp5/Fhrikalt4QLrvrdIpJcqVsNxhWodHg=="
    }
  }
}
