{
  "name": "detect-file-encoding-and-language",
  "version": "1.7.4",
  "lockfileVersion": 2,
  "requires": true,
  "packages": {
    "": {
      "name": "detect-file-encoding-and-language",
      "version": "1.7.4",
      "license": "MIT",
      "bin": {
        "dfeal": "bin/cli.js"
      }
    }
  }
}
